// !$*UTF8*$!
{
	archiveVersion = 1;
	classes = {
	};
	objectVersion = 46;
	objects = {

/* Begin PBXBuildFile section */
		1E46210F1C72646B0066AE82 /* AppDelegate.swift in Sources */ = {isa = PBXBuildFile; fileRef = 1E46210E1C72646B0066AE82 /* AppDelegate.swift */; };
		1E4621111C72646B0066AE82 /* ViewController.swift in Sources */ = {isa = PBXBuildFile; fileRef = 1E4621101C72646B0066AE82 /* ViewController.swift */; };
		1E4621141C72646B0066AE82 /* Main.storyboard in Resources */ = {isa = PBXBuildFile; fileRef = 1E4621121C72646B0066AE82 /* Main.storyboard */; };
		1E4621161C72646B0066AE82 /* Assets.xcassets in Resources */ = {isa = PBXBuildFile; fileRef = 1E4621151C72646B0066AE82 /* Assets.xcassets */; };
		1E4621191C72646B0066AE82 /* LaunchScreen.storyboard in Resources */ = {isa = PBXBuildFile; fileRef = 1E4621171C72646B0066AE82 /* LaunchScreen.storyboard */; };
		1E4621241C72646B0066AE82 /* CodePathWeek3MailboxTests.swift in Sources */ = {isa = PBXBuildFile; fileRef = 1E4621231C72646B0066AE82 /* CodePathWeek3MailboxTests.swift */; };
		1E46212F1C72646B0066AE82 /* CodePathWeek3MailboxUITests.swift in Sources */ = {isa = PBXBuildFile; fileRef = 1E46212E1C72646B0066AE82 /* CodePathWeek3MailboxUITests.swift */; };
/* End PBXBuildFile section */

/* Begin PBXContainerItemProxy section */
		1E4621201C72646B0066AE82 /* PBXContainerItemProxy */ = {
			isa = PBXContainerItemProxy;
			containerPortal = 1E4621031C72646B0066AE82 /* Project object */;
			proxyType = 1;
			remoteGlobalIDString = 1E46210A1C72646B0066AE82;
			remoteInfo = CodePathWeek3Mailbox;
		};
		1E46212B1C72646B0066AE82 /* PBXContainerItemProxy */ = {
			isa = PBXContainerItemProxy;
			containerPortal = 1E4621031C72646B0066AE82 /* Project object */;
			proxyType = 1;
			remoteGlobalIDString = 1E46210A1C72646B0066AE82;
			remoteInfo = CodePathWeek3Mailbox;
		};
/* End PBXContainerItemProxy section */

/* Begin PBXFileReference section */
		1E46210B1C72646B0066AE82 /* CodePathWeek3Mailbox.app */ = {isa = PBXFileReference; explicitFileType = wrapper.application; includeInIndex = 0; path = CodePathWeek3Mailbox.app; sourceTree = BUILT_PRODUCTS_DIR; };
		1E46210E1C72646B0066AE82 /* AppDelegate.swift */ = {isa = PBXFileReference; lastKnownFileType = sourcecode.swift; path = AppDelegate.swift; sourceTree = "<group>"; };
		1E4621101C72646B0066AE82 /* ViewController.swift */ = {isa = PBXFileReference; lastKnownFileType = sourcecode.swift; path = ViewController.swift; sourceTree = "<group>"; };
		1E4621131C72646B0066AE82 /* Base */ = {isa = PBXFileReference; lastKnownFileType = file.storyboard; name = Base; path = Base.lproj/Main.storyboard; sourceTree = "<group>"; };
		1E4621151C72646B0066AE82 /* Assets.xcassets */ = {isa = PBXFileReference; lastKnownFileType = folder.assetcatalog; path = Assets.xcassets; sourceTree = "<group>"; };
		1E4621181C72646B0066AE82 /* Base */ = {isa = PBXFileReference; lastKnownFileType = file.storyboard; name = Base; path = Base.lproj/LaunchScreen.storyboard; sourceTree = "<group>"; };
		1E46211A1C72646B0066AE82 /* Info.plist */ = {isa = PBXFileReference; lastKnownFileType = text.plist.xml; path = Info.plist; sourceTree = "<group>"; };
		1E46211F1C72646B0066AE82 /* CodePathWeek3MailboxTests.xctest */ = {isa = PBXFileReference; explicitFileType = wrapper.cfbundle; includeInIndex = 0; path = CodePathWeek3MailboxTests.xctest; sourceTree = BUILT_PRODUCTS_DIR; };
		1E4621231C72646B0066AE82 /* CodePathWeek3MailboxTests.swift */ = {isa = PBXFileReference; lastKnownFileType = sourcecode.swift; path = CodePathWeek3MailboxTests.swift; sourceTree = "<group>"; };
		1E4621251C72646B0066AE82 /* Info.plist */ = {isa = PBXFileReference; lastKnownFileType = text.plist.xml; path = Info.plist; sourceTree = "<group>"; };
		1E46212A1C72646B0066AE82 /* CodePathWeek3MailboxUITests.xctest */ = {isa = PBXFileReference; explicitFileType = wrapper.cfbundle; includeInIndex = 0; path = CodePathWeek3MailboxUITests.xctest; sourceTree = BUILT_PRODUCTS_DIR; };
		1E46212E1C72646B0066AE82 /* CodePathWeek3MailboxUITests.swift */ = {isa = PBXFileReference; lastKnownFileType = sourcecode.swift; path = CodePathWeek3MailboxUITests.swift; sourceTree = "<group>"; };
		1E4621301C72646B0066AE82 /* Info.plist */ = {isa = PBXFileReference; lastKnownFileType = text.plist.xml; path = Info.plist; sourceTree = "<group>"; };
/* End PBXFileReference section */

/* Begin PBXFrameworksBuildPhase section */
		1E4621081C72646B0066AE82 /* Frameworks */ = {
			isa = PBXFrameworksBuildPhase;
			buildActionMask = 2147483647;
			files = (
			);
			runOnlyForDeploymentPostprocessing = 0;
		};
		1E46211C1C72646B0066AE82 /* Frameworks */ = {
			isa = PBXFrameworksBuildPhase;
			buildActionMask = 2147483647;
			files = (
			);
			runOnlyForDeploymentPostprocessing = 0;
		};
		1E4621271C72646B0066AE82 /* Frameworks */ = {
			isa = PBXFrameworksBuildPhase;
			buildActionMask = 2147483647;
			files = (
			);
			runOnlyForDeploymentPostprocessing = 0;
		};
/* End PBXFrameworksBuildPhase section */

/* Begin PBXGroup section */
		1E4621021C72646B0066AE82 = {
			isa = PBXGroup;
			children = (
				1E46210D1C72646B0066AE82 /* CodePathWeek3Mailbox */,
				1E4621221C72646B0066AE82 /* CodePathWeek3MailboxTests */,
				1E46212D1C72646B0066AE82 /* CodePathWeek3MailboxUITests */,
				1E46210C1C72646B0066AE82 /* Products */,
			);
			sourceTree = "<group>";
		};
		1E46210C1C72646B0066AE82 /* Products */ = {
			isa = PBXGroup;
			children = (
				1E46210B1C72646B0066AE82 /* CodePathWeek3Mailbox.app */,
				1E46211F1C72646B0066AE82 /* CodePathWeek3MailboxTests.xctest */,
				1E46212A1C72646B0066AE82 /* CodePathWeek3MailboxUITests.xctest */,
			);
			name = Products;
			sourceTree = "<group>";
		};
		1E46210D1C72646B0066AE82 /* CodePathWeek3Mailbox */ = {
			isa = PBXGroup;
			children = (
				1E46210E1C72646B0066AE82 /* AppDelegate.swift */,
				1E4621101C72646B0066AE82 /* ViewController.swift */,
				1E4621121C72646B0066AE82 /* Main.storyboard */,
				1E4621151C72646B0066AE82 /* Assets.xcassets */,
				1E4621171C72646B0066AE82 /* LaunchScreen.storyboard */,
				1E46211A1C72646B0066AE82 /* Info.plist */,
			);
			path = CodePathWeek3Mailbox;
			sourceTree = "<group>";
		};
		1E4621221C72646B0066AE82 /* CodePathWeek3MailboxTests */ = {
			isa = PBXGroup;
			children = (
				1E4621231C72646B0066AE82 /* CodePathWeek3MailboxTests.swift */,
				1E4621251C72646B0066AE82 /* Info.plist */,
			);
			path = CodePathWeek3MailboxTests;
			sourceTree = "<group>";
		};
		1E46212D1C72646B0066AE82 /* CodePathWeek3MailboxUITests */ = {
			isa = PBXGroup;
			children = (
				1E46212E1C72646B0066AE82 /* CodePathWeek3MailboxUITests.swift */,
				1E4621301C72646B0066AE82 /* Info.plist */,
			);
			path = CodePathWeek3MailboxUITests;
			sourceTree = "<group>";
		};
/* End PBXGroup section */

/* Begin PBXNativeTarget section */
		1E46210A1C72646B0066AE82 /* CodePathWeek3Mailbox */ = {
			isa = PBXNativeTarget;
			buildConfigurationList = 1E4621331C72646B0066AE82 /* Build configuration list for PBXNativeTarget "CodePathWeek3Mailbox" */;
			buildPhases = (
				1E4621071C72646B0066AE82 /* Sources */,
				1E4621081C72646B0066AE82 /* Frameworks */,
				1E4621091C72646B0066AE82 /* Resources */,
			);
			buildRules = (
			);
			dependencies = (
			);
			name = CodePathWeek3Mailbox;
			productName = CodePathWeek3Mailbox;
			productReference = 1E46210B1C72646B0066AE82 /* CodePathWeek3Mailbox.app */;
			productType = "com.apple.product-type.application";
		};
		1E46211E1C72646B0066AE82 /* CodePathWeek3MailboxTests */ = {
			isa = PBXNativeTarget;
			buildConfigurationList = 1E4621361C72646B0066AE82 /* Build configuration list for PBXNativeTarget "CodePathWeek3MailboxTests" */;
			buildPhases = (
				1E46211B1C72646B0066AE82 /* Sources */,
				1E46211C1C72646B0066AE82 /* Frameworks */,
				1E46211D1C72646B0066AE82 /* Resources */,
			);
			buildRules = (
			);
			dependencies = (
				1E4621211C72646B0066AE82 /* PBXTargetDependency */,
			);
			name = CodePathWeek3MailboxTests;
			productName = CodePathWeek3MailboxTests;
			productReference = 1E46211F1C72646B0066AE82 /* CodePathWeek3MailboxTests.xctest */;
			productType = "com.apple.product-type.bundle.unit-test";
		};
		1E4621291C72646B0066AE82 /* CodePathWeek3MailboxUITests */ = {
			isa = PBXNativeTarget;
			buildConfigurationList = 1E4621391C72646B0066AE82 /* Build configuration list for PBXNativeTarget "CodePathWeek3MailboxUITests" */;
			buildPhases = (
				1E4621261C72646B0066AE82 /* Sources */,
				1E4621271C72646B0066AE82 /* Frameworks */,
				1E4621281C72646B0066AE82 /* Resources */,
			);
			buildRules = (
			);
			dependencies = (
				1E46212C1C72646B0066AE82 /* PBXTargetDependency */,
			);
			name = CodePathWeek3MailboxUITests;
			productName = CodePathWeek3MailboxUITests;
			productReference = 1E46212A1C72646B0066AE82 /* CodePathWeek3MailboxUITests.xctest */;
			productType = "com.apple.product-type.bundle.ui-testing";
		};
/* End PBXNativeTarget section */

/* Begin PBXProject section */
		1E4621031C72646B0066AE82 /* Project object */ = {
			isa = PBXProject;
			attributes = {
				LastSwiftUpdateCheck = 0720;
				LastUpgradeCheck = 0720;
				ORGANIZATIONNAME = "Justin Peng";
				TargetAttributes = {
					1E46210A1C72646B0066AE82 = {
						CreatedOnToolsVersion = 7.2;
						DevelopmentTeam = UCST3VC8L4;
					};
					1E46211E1C72646B0066AE82 = {
						CreatedOnToolsVersion = 7.2;
						DevelopmentTeam = UCST3VC8L4;
						TestTargetID = 1E46210A1C72646B0066AE82;
					};
					1E4621291C72646B0066AE82 = {
						CreatedOnToolsVersion = 7.2;
						DevelopmentTeam = UCST3VC8L4;
						TestTargetID = 1E46210A1C72646B0066AE82;
					};
				};
			};
			buildConfigurationList = 1E4621061C72646B0066AE82 /* Build configuration list for PBXProject "CodePathWeek3Mailbox" */;
			compatibilityVersion = "Xcode 3.2";
			developmentRegion = English;
			hasScannedForEncodings = 0;
			knownRegions = (
				en,
				Base,
			);
			mainGroup = 1E4621021C72646B0066AE82;
			productRefGroup = 1E46210C1C72646B0066AE82 /* Products */;
			projectDirPath = "";
			projectRoot = "";
			targets = (
				1E46210A1C72646B0066AE82 /* CodePathWeek3Mailbox */,
				1E46211E1C72646B0066AE82 /* CodePathWeek3MailboxTests */,
				1E4621291C72646B0066AE82 /* CodePathWeek3MailboxUITests */,
			);
		};
/* End PBXProject section */

/* Begin PBXResourcesBuildPhase section */
		1E4621091C72646B0066AE82 /* Resources */ = {
			isa = PBXResourcesBuildPhase;
			buildActionMask = 2147483647;
			files = (
				1E4621191C72646B0066AE82 /* LaunchScreen.storyboard in Resources */,
				1E4621161C72646B0066AE82 /* Assets.xcassets in Resources */,
				1E4621141C72646B0066AE82 /* Main.storyboard in Resources */,
			);
			runOnlyForDeploymentPostprocessing = 0;
		};
		1E46211D1C72646B0066AE82 /* Resources */ = {
			isa = PBXResourcesBuildPhase;
			buildActionMask = 2147483647;
			files = (
			);
			runOnlyForDeploymentPostprocessing = 0;
		};
		1E4621281C72646B0066AE82 /* Resources */ = {
			isa = PBXResourcesBuildPhase;
			buildActionMask = 2147483647;
			files = (
			);
			runOnlyForDeploymentPostprocessing = 0;
		};
/* End PBXResourcesBuildPhase section */

/* Begin PBXSourcesBuildPhase section */
		1E4621071C72646B0066AE82 /* Sources */ = {
			isa = PBXSourcesBuildPhase;
			buildActionMask = 2147483647;
			files = (
				1E4621111C72646B0066AE82 /* ViewController.swift in Sources */,
				1E46210F1C72646B0066AE82 /* AppDelegate.swift in Sources */,
			);
			runOnlyForDeploymentPostprocessing = 0;
		};
		1E46211B1C72646B0066AE82 /* Sources */ = {
			isa = PBXSourcesBuildPhase;
			buildActionMask = 2147483647;
			files = (
				1E4621241C72646B0066AE82 /* CodePathWeek3MailboxTests.swift in Sources */,
			);
			runOnlyForDeploymentPostprocessing = 0;
		};
		1E4621261C72646B0066AE82 /* Sources */ = {
			isa = PBXSourcesBuildPhase;
			buildActionMask = 2147483647;
			files = (
				1E46212F1C72646B0066AE82 /* CodePathWeek3MailboxUITests.swift in Sources */,
			);
			runOnlyForDeploymentPostprocessing = 0;
		};
/* End PBXSourcesBuildPhase section */

/* Begin PBXTargetDependency section */
		1E4621211C72646B0066AE82 /* PBXTargetDependency */ = {
			isa = PBXTargetDependency;
			target = 1E46210A1C72646B0066AE82 /* CodePathWeek3Mailbox */;
			targetProxy = 1E4621201C72646B0066AE82 /* PBXContainerItemProxy */;
		};
		1E46212C1C72646B0066AE82 /* PBXTargetDependency */ = {
			isa = PBXTargetDependency;
			target = 1E46210A1C72646B0066AE82 /* CodePathWeek3Mailbox */;
			targetProxy = 1E46212B1C72646B0066AE82 /* PBXContainerItemProxy */;
		};
/* End PBXTargetDependency section */

/* Begin PBXVariantGroup section */
		1E4621121C72646B0066AE82 /* Main.storyboard */ = {
			isa = PBXVariantGroup;
			children = (
				1E4621131C72646B0066AE82 /* Base */,
			);
			name = Main.storyboard;
			sourceTree = "<group>";
		};
		1E4621171C72646B0066AE82 /* LaunchScreen.storyboard */ = {
			isa = PBXVariantGroup;
			children = (
				1E4621181C72646B0066AE82 /* Base */,
			);
			name = LaunchScreen.storyboard;
			sourceTree = "<group>";
		};
/* End PBXVariantGroup section */

/* Begin XCBuildConfiguration section */
		1E4621311C72646B0066AE82 /* Debug */ = {
			isa = XCBuildConfiguration;
			buildSettings = {
				ALWAYS_SEARCH_USER_PATHS = NO;
				CLANG_CXX_LANGUAGE_STANDARD = "gnu++0x";
				CLANG_CXX_LIBRARY = "libc++";
				CLANG_ENABLE_MODULES = YES;
				CLANG_ENABLE_OBJC_ARC = YES;
				CLANG_WARN_BOOL_CONVERSION = YES;
				CLANG_WARN_CONSTANT_CONVERSION = YES;
				CLANG_WARN_DIRECT_OBJC_ISA_USAGE = YES_ERROR;
				CLANG_WARN_EMPTY_BODY = YES;
				CLANG_WARN_ENUM_CONVERSION = YES;
				CLANG_WARN_INT_CONVERSION = YES;
				CLANG_WARN_OBJC_ROOT_CLASS = YES_ERROR;
				CLANG_WARN_UNREACHABLE_CODE = YES;
				CLANG_WARN__DUPLICATE_METHOD_MATCH = YES;
				"CODE_SIGN_IDENTITY[sdk=iphoneos*]" = "iPhone Developer";
				COPY_PHASE_STRIP = NO;
				DEBUG_INFORMATION_FORMAT = dwarf;
				ENABLE_STRICT_OBJC_MSGSEND = YES;
				ENABLE_TESTABILITY = YES;
				GCC_C_LANGUAGE_STANDARD = gnu99;
				GCC_DYNAMIC_NO_PIC = NO;
				GCC_NO_COMMON_BLOCKS = YES;
				GCC_OPTIMIZATION_LEVEL = 0;
				GCC_PREPROCESSOR_DEFINITIONS = (
					"DEBUG=1",
					"$(inherited)",
				);
				GCC_WARN_64_TO_32_BIT_CONVERSION = YES;
				GCC_WARN_ABOUT_RETURN_TYPE = YES_ERROR;
				GCC_WARN_UNDECLARED_SELECTOR = YES;
				GCC_WARN_UNINITIALIZED_AUTOS = YES_AGGRESSIVE;
				GCC_WARN_UNUSED_FUNCTION = YES;
				GCC_WARN_UNUSED_VARIABLE = YES;
				IPHONEOS_DEPLOYMENT_TARGET = 9.2;
				MTL_ENABLE_DEBUG_INFO = YES;
				ONLY_ACTIVE_ARCH = YES;
				SDKROOT = iphoneos;
				SWIFT_OPTIMIZATION_LEVEL = "-Onone";
				TARGETED_DEVICE_FAMILY = "1,2";
			};
			name = Debug;
		};
		1E4621321C72646B0066AE82 /* Release */ = {
			isa = XCBuildConfiguration;
			buildSettings = {
				ALWAYS_SEARCH_USER_PATHS = NO;
				CLANG_CXX_LANGUAGE_STANDARD = "gnu++0x";
				CLANG_CXX_LIBRARY = "libc++";
				CLANG_ENABLE_MODULES = YES;
				CLANG_ENABLE_OBJC_ARC = YES;
				CLANG_WARN_BOOL_CONVERSION = YES;
				CLANG_WARN_CONSTANT_CONVERSION = YES;
				CLANG_WARN_DIRECT_OBJC_ISA_USAGE = YES_ERROR;
				CLANG_WARN_EMPTY_BODY = YES;
				CLANG_WARN_ENUM_CONVERSION = YES;
				CLANG_WARN_INT_CONVERSION = YES;
				CLANG_WARN_OBJC_ROOT_CLASS = YES_ERROR;
				CLANG_WARN_UNREACHABLE_CODE = YES;
				CLANG_WARN__DUPLICATE_METHOD_MATCH = YES;
				"CODE_SIGN_IDENTITY[sdk=iphoneos*]" = "iPhone Developer";
				COPY_PHASE_STRIP = NO;
				DEBUG_INFORMATION_FORMAT = "dwarf-with-dsym";
				ENABLE_NS_ASSERTIONS = NO;
				ENABLE_STRICT_OBJC_MSGSEND = YES;
				GCC_C_LANGUAGE_STANDARD = gnu99;
				GCC_NO_COMMON_BLOCKS = YES;
				GCC_WARN_64_TO_32_BIT_CONVERSION = YES;
				GCC_WARN_ABOUT_RETURN_TYPE = YES_ERROR;
				GCC_WARN_UNDECLARED_SELECTOR = YES;
				GCC_WARN_UNINITIALIZED_AUTOS = YES_AGGRESSIVE;
				GCC_WARN_UNUSED_FUNCTION = YES;
				GCC_WARN_UNUSED_VARIABLE = YES;
				IPHONEOS_DEPLOYMENT_TARGET = 9.2;
				MTL_ENABLE_DEBUG_INFO = NO;
				SDKROOT = iphoneos;
				TARGETED_DEVICE_FAMILY = "1,2";
				VALIDATE_PRODUCT = YES;
			};
			name = Release;
		};
		1E4621341C72646B0066AE82 /* Debug */ = {
			isa = XCBuildConfiguration;
			buildSettings = {
				ASSETCATALOG_COMPILER_APPICON_NAME = AppIcon;
				INFOPLIST_FILE = CodePathWeek3Mailbox/Info.plist;
				LD_RUNPATH_SEARCH_PATHS = "$(inherited) @executable_path/Frameworks";
				PRODUCT_BUNDLE_IDENTIFIER = CodePath.CodePathWeek3Mailbox;
				PRODUCT_NAME = "$(TARGET_NAME)";
			};
			name = Debug;
		};
		1E4621351C72646B0066AE82 /* Release */ = {
			isa = XCBuildConfiguration;
			buildSettings = {
				ASSETCATALOG_COMPILER_APPICON_NAME = AppIcon;
				INFOPLIST_FILE = CodePathWeek3Mailbox/Info.plist;
				LD_RUNPATH_SEARCH_PATHS = "$(inherited) @executable_path/Frameworks";
				PRODUCT_BUNDLE_IDENTIFIER = CodePath.CodePathWeek3Mailbox;
				PRODUCT_NAME = "$(TARGET_NAME)";
			};
			name = Release;
		};
		1E4621371C72646B0066AE82 /* Debug */ = {
			isa = XCBuildConfiguration;
			buildSettings = {
				BUNDLE_LOADER = "$(TEST_HOST)";
				INFOPLIST_FILE = CodePathWeek3MailboxTests/Info.plist;
				LD_RUNPATH_SEARCH_PATHS = "$(inherited) @executable_path/Frameworks @loader_path/Frameworks";
				PRODUCT_BUNDLE_IDENTIFIER = CodePath.CodePathWeek3MailboxTests;
				PRODUCT_NAME = "$(TARGET_NAME)";
				TEST_HOST = "$(BUILT_PRODUCTS_DIR)/CodePathWeek3Mailbox.app/CodePathWeek3Mailbox";
			};
			name = Debug;
		};
		1E4621381C72646B0066AE82 /* Release */ = {
			isa = XCBuildConfiguration;
			buildSettings = {
				BUNDLE_LOADER = "$(TEST_HOST)";
				INFOPLIST_FILE = CodePathWeek3MailboxTests/Info.plist;
				LD_RUNPATH_SEARCH_PATHS = "$(inherited) @executable_path/Frameworks @loader_path/Frameworks";
				PRODUCT_BUNDLE_IDENTIFIER = CodePath.CodePathWeek3MailboxTests;
				PRODUCT_NAME = "$(TARGET_NAME)";
				TEST_HOST = "$(BUILT_PRODUCTS_DIR)/CodePathWeek3Mailbox.app/CodePathWeek3Mailbox";
			};
			name = Release;
		};
		1E46213A1C72646B0066AE82 /* Debug */ = {
			isa = XCBuildConfiguration;
			buildSettings = {
				INFOPLIST_FILE = CodePathWeek3MailboxUITests/Info.plist;
				LD_RUNPATH_SEARCH_PATHS = "$(inherited) @executable_path/Frameworks @loader_path/Frameworks";
				PRODUCT_BUNDLE_IDENTIFIER = CodePath.CodePathWeek3MailboxUITests;
				PRODUCT_NAME = "$(TARGET_NAME)";
				TEST_TARGET_NAME = CodePathWeek3Mailbox;
				USES_XCTRUNNER = YES;
			};
			name = Debug;
		};
		1E46213B1C72646B0066AE82 /* Release */ = {
			isa = XCBuildConfiguration;
			buildSettings = {
				INFOPLIST_FILE = CodePathWeek3MailboxUITests/Info.plist;
				LD_RUNPATH_SEARCH_PATHS = "$(inherited) @executable_path/Frameworks @loader_path/Frameworks";
				PRODUCT_BUNDLE_IDENTIFIER = CodePath.CodePathWeek3MailboxUITests;
				PRODUCT_NAME = "$(TARGET_NAME)";
				TEST_TARGET_NAME = CodePathWeek3Mailbox;
				USES_XCTRUNNER = YES;
			};
			name = Release;
		};
/* End XCBuildConfiguration section */

/* Begin XCConfigurationList section */
		1E4621061C72646B0066AE82 /* Build configuration list for PBXProject "CodePathWeek3Mailbox" */ = {
			isa = XCConfigurationList;
			buildConfigurations = (
				1E4621311C72646B0066AE82 /* Debug */,
				1E4621321C72646B0066AE82 /* Release */,
			);
			defaultConfigurationIsVisible = 0;
			defaultConfigurationName = Release;
		};
		1E4621331C72646B0066AE82 /* Build configuration list for PBXNativeTarget "CodePathWeek3Mailbox" */ = {
			isa = XCConfigurationList;
			buildConfigurations = (
				1E4621341C72646B0066AE82 /* Debug */,
				1E4621351C72646B0066AE82 /* Release */,
			);
			defaultConfigurationIsVisible = 0;
		};
		1E4621361C72646B0066AE82 /* Build configuration list for PBXNativeTarget "CodePathWeek3MailboxTests" */ = {
			isa = XCConfigurationList;
			buildConfigurations = (
				1E4621371C72646B0066AE82 /* Debug */,
				1E4621381C72646B0066AE82 /* Release */,
			);
			defaultConfigurationIsVisible = 0;
		};
		1E4621391C72646B0066AE82 /* Build configuration list for PBXNativeTarget "CodePathWeek3MailboxUITests" */ = {
			isa = XCConfigurationList;
			buildConfigurations = (
				1E46213A1C72646B0066AE82 /* Debug */,
				1E46213B1C72646B0066AE82 /* Release */,
			);
			defaultConfigurationIsVisible = 0;
		};
/* End XCConfigurationList section */
	};
	rootObject = 1E4621031C72646B0066AE82 /* Project object */;
}
